
Microsoft Visual Studio Solution File, Format Version 12.00
# Visual Studio Version 16
VisualStudioVersion = 16.0.28922.388
MinimumVisualStudioVersion = 10.0.40219.1
Project("{FAE04EC0-301F-11D3-BF4B-00C04F79EFBC}") = "dotnetcoreessential", "dotnetcoreessential\dotnetcoreessential.csproj", "{C5398C8D-E85F-48F4-AEAC-2FAC5D0C147D}"
EndProject
Global
	GlobalSection(SolutionConfigurationPlatforms) = preSolution
		Debug|Any CPU = Debug|Any CPU
		Release|Any CPU = Release|Any CPU
	EndGlobalSection
	GlobalSection(ProjectConfigurationPlatforms) = postSolution
		{C5398C8D-E85F-48F4-AEAC-2FAC5D0C147D}.Debug|Any CPU.ActiveCfg = Debug|Any CPU
		{C5398C8D-E85F-48F4-AEAC-2FAC5D0C147D}.Debug|Any CPU.Build.0 = Debug|Any CPU
		{C5398C8D-E85F-48F4-AEAC-2FAC5D0C147D}.Release|Any CPU.ActiveCfg = Release|Any CPU
		{C5398C8D-E85F-48F4-AEAC-2FAC5D0C147D}.Release|Any CPU.Build.0 = Release|Any CPU
	EndGlobalSection
	GlobalSection(SolutionProperties) = preSolution
		HideSolutionNode = FALSE
	EndGlobalSection
	GlobalSection(ExtensibilityGlobals) = postSolution
		SolutionGuid = {DD81AEDB-CCC2-427F-B41D-8EC152EE984D}
	EndGlobalSection
EndGlobal
